// !$*UTF8*$!
{
	archiveVersion = 1;
	classes = {
	};
	objectVersion = 52;
	objects = {

/* Begin PBXBuildFile section */
		4B7D844C25830AD900CC76D2 /* HeaderTableViewCell.swift in Sources */ = {isa = PBXBuildFile; fileRef = 4B7D844B25830AD900CC76D2 /* HeaderTableViewCell.swift */; };
		4B7D84732583A6A100CC76D2 /* File.swift in Sources */ = {isa = PBXBuildFile; fileRef = 4B7D84722583A6A100CC76D2 /* File.swift */; };
		4BE08EFE257F4F0C007A7033 /* AppDelegate.swift in Sources */ = {isa = PBXBuildFile; fileRef = 4BE08EFD257F4F0C007A7033 /* AppDelegate.swift */; };
		4BE08F00257F4F0C007A7033 /* SceneDelegate.swift in Sources */ = {isa = PBXBuildFile; fileRef = 4BE08EFF257F4F0C007A7033 /* SceneDelegate.swift */; };
		4BE08F02257F4F0C007A7033 /* ViewController.swift in Sources */ = {isa = PBXBuildFile; fileRef = 4BE08F01257F4F0C007A7033 /* ViewController.swift */; };
		4BE08F05257F4F0C007A7033 /* Main.storyboard in Resources */ = {isa = PBXBuildFile; fileRef = 4BE08F03257F4F0C007A7033 /* Main.storyboard */; };
		4BE08F07257F4F0D007A7033 /* Assets.xcassets in Resources */ = {isa = PBXBuildFile; fileRef = 4BE08F06257F4F0D007A7033 /* Assets.xcassets */; };
		4BE08F0A257F4F0D007A7033 /* LaunchScreen.storyboard in Resources */ = {isa = PBXBuildFile; fileRef = 4BE08F08257F4F0D007A7033 /* LaunchScreen.storyboard */; };
		4BE08F15257F4F0D007A7033 /* DBDTests.swift in Sources */ = {isa = PBXBuildFile; fileRef = 4BE08F14257F4F0D007A7033 /* DBDTests.swift */; };
		4BE08F20257F4F0D007A7033 /* DBDUITests.swift in Sources */ = {isa = PBXBuildFile; fileRef = 4BE08F1F257F4F0D007A7033 /* DBDUITests.swift */; };
		4BE08F52257FE49F007A7033 /* PlayerTableViewCell.swift in Sources */ = {isa = PBXBuildFile; fileRef = 4BE08F51257FE49F007A7033 /* PlayerTableViewCell.swift */; };
		4BE08F5D257FE606007A7033 /* StatsTableViewCell.swift in Sources */ = {isa = PBXBuildFile; fileRef = 4BE08F5C257FE606007A7033 /* StatsTableViewCell.swift */; };
		4BE08F6725806A92007A7033 /* Methods.swift in Sources */ = {isa = PBXBuildFile; fileRef = 4BE08F6625806A92007A7033 /* Methods.swift */; };
		4BE08F812581C764007A7033 /* Alamofire in Frameworks */ = {isa = PBXBuildFile; productRef = 4BE08F802581C764007A7033 /* Alamofire */; };
		4BE08F862581D4D3007A7033 /* RequestSteamAPI.swift in Sources */ = {isa = PBXBuildFile; fileRef = 4BE08F852581D4D3007A7033 /* RequestSteamAPI.swift */; };
		4BE42D4A2587BFB700C9EA6D /* PlayerStatsTableViewCell.swift in Sources */ = {isa = PBXBuildFile; fileRef = 4BE42D492587BFB700C9EA6D /* PlayerStatsTableViewCell.swift */; };
		4BE42D4F2587BFC700C9EA6D /* PlayerStatsTableViewCell.xib in Resources */ = {isa = PBXBuildFile; fileRef = 4BE42D4E2587BFC700C9EA6D /* PlayerStatsTableViewCell.xib */; };
		4BE42D552587E38600C9EA6D /* Nuke in Frameworks */ = {isa = PBXBuildFile; productRef = 4BE42D542587E38600C9EA6D /* Nuke */; };
/* End PBXBuildFile section */

/* Begin PBXContainerItemProxy section */
		4BE08F11257F4F0D007A7033 /* PBXContainerItemProxy */ = {
			isa = PBXContainerItemProxy;
			containerPortal = 4BE08EF2257F4F0C007A7033 /* Project object */;
			proxyType = 1;
			remoteGlobalIDString = 4BE08EF9257F4F0C007A7033;
			remoteInfo = DBD;
		};
		4BE08F1C257F4F0D007A7033 /* PBXContainerItemProxy */ = {
			isa = PBXContainerItemProxy;
			containerPortal = 4BE08EF2257F4F0C007A7033 /* Project object */;
			proxyType = 1;
			remoteGlobalIDString = 4BE08EF9257F4F0C007A7033;
			remoteInfo = DBD;
		};
/* End PBXContainerItemProxy section */

/* Begin PBXFileReference section */
		4B7D844B25830AD900CC76D2 /* HeaderTableViewCell.swift */ = {isa = PBXFileReference; lastKnownFileType = sourcecode.swift; path = HeaderTableViewCell.swift; sourceTree = "<group>"; };
		4B7D84722583A6A100CC76D2 /* File.swift */ = {isa = PBXFileReference; lastKnownFileType = sourcecode.swift; path = File.swift; sourceTree = "<group>"; };
		4BE08EFA257F4F0C007A7033 /* DBD.app */ = {isa = PBXFileReference; explicitFileType = wrapper.application; includeInIndex = 0; path = DBD.app; sourceTree = BUILT_PRODUCTS_DIR; };
		4BE08EFD257F4F0C007A7033 /* AppDelegate.swift */ = {isa = PBXFileReference; lastKnownFileType = sourcecode.swift; path = AppDelegate.swift; sourceTree = "<group>"; };
		4BE08EFF257F4F0C007A7033 /* SceneDelegate.swift */ = {isa = PBXFileReference; lastKnownFileType = sourcecode.swift; path = SceneDelegate.swift; sourceTree = "<group>"; };
		4BE08F01257F4F0C007A7033 /* ViewController.swift */ = {isa = PBXFileReference; lastKnownFileType = sourcecode.swift; path = ViewController.swift; sourceTree = "<group>"; };
		4BE08F04257F4F0C007A7033 /* Base */ = {isa = PBXFileReference; lastKnownFileType = file.storyboard; name = Base; path = Base.lproj/Main.storyboard; sourceTree = "<group>"; };
		4BE08F06257F4F0D007A7033 /* Assets.xcassets */ = {isa = PBXFileReference; lastKnownFileType = folder.assetcatalog; path = Assets.xcassets; sourceTree = "<group>"; };
		4BE08F09257F4F0D007A7033 /* Base */ = {isa = PBXFileReference; lastKnownFileType = file.storyboard; name = Base; path = Base.lproj/LaunchScreen.storyboard; sourceTree = "<group>"; };
		4BE08F0B257F4F0D007A7033 /* Info.plist */ = {isa = PBXFileReference; lastKnownFileType = text.plist.xml; path = Info.plist; sourceTree = "<group>"; };
		4BE08F10257F4F0D007A7033 /* DBDTests.xctest */ = {isa = PBXFileReference; explicitFileType = wrapper.cfbundle; includeInIndex = 0; path = DBDTests.xctest; sourceTree = BUILT_PRODUCTS_DIR; };
		4BE08F14257F4F0D007A7033 /* DBDTests.swift */ = {isa = PBXFileReference; lastKnownFileType = sourcecode.swift; path = DBDTests.swift; sourceTree = "<group>"; };
		4BE08F16257F4F0D007A7033 /* Info.plist */ = {isa = PBXFileReference; lastKnownFileType = text.plist.xml; path = Info.plist; sourceTree = "<group>"; };
		4BE08F1B257F4F0D007A7033 /* DBDUITests.xctest */ = {isa = PBXFileReference; explicitFileType = wrapper.cfbundle; includeInIndex = 0; path = DBDUITests.xctest; sourceTree = BUILT_PRODUCTS_DIR; };
		4BE08F1F257F4F0D007A7033 /* DBDUITests.swift */ = {isa = PBXFileReference; lastKnownFileType = sourcecode.swift; path = DBDUITests.swift; sourceTree = "<group>"; };
		4BE08F21257F4F0D007A7033 /* Info.plist */ = {isa = PBXFileReference; lastKnownFileType = text.plist.xml; path = Info.plist; sourceTree = "<group>"; };
		4BE08F51257FE49F007A7033 /* PlayerTableViewCell.swift */ = {isa = PBXFileReference; lastKnownFileType = sourcecode.swift; path = PlayerTableViewCell.swift; sourceTree = "<group>"; };
		4BE08F5C257FE606007A7033 /* StatsTableViewCell.swift */ = {isa = PBXFileReference; lastKnownFileType = sourcecode.swift; path = StatsTableViewCell.swift; sourceTree = "<group>"; };
		4BE08F6625806A92007A7033 /* Methods.swift */ = {isa = PBXFileReference; lastKnownFileType = sourcecode.swift; path = Methods.swift; sourceTree = "<group>"; };
		4BE08F852581D4D3007A7033 /* RequestSteamAPI.swift */ = {isa = PBXFileReference; lastKnownFileType = sourcecode.swift; path = RequestSteamAPI.swift; sourceTree = "<group>"; };
		4BE42D492587BFB700C9EA6D /* PlayerStatsTableViewCell.swift */ = {isa = PBXFileReference; lastKnownFileType = sourcecode.swift; path = PlayerStatsTableViewCell.swift; sourceTree = "<group>"; };
		4BE42D4E2587BFC700C9EA6D /* PlayerStatsTableViewCell.xib */ = {isa = PBXFileReference; lastKnownFileType = file.xib; path = PlayerStatsTableViewCell.xib; sourceTree = "<group>"; };
/* End PBXFileReference section */

/* Begin PBXFrameworksBuildPhase section */
		4BE08EF7257F4F0C007A7033 /* Frameworks */ = {
			isa = PBXFrameworksBuildPhase;
			buildActionMask = 2147483647;
			files = (
				4BE08F812581C764007A7033 /* Alamofire in Frameworks */,
				4BE42D552587E38600C9EA6D /* Nuke in Frameworks */,
			);
			runOnlyForDeploymentPostprocessing = 0;
		};
		4BE08F0D257F4F0D007A7033 /* Frameworks */ = {
			isa = PBXFrameworksBuildPhase;
			buildActionMask = 2147483647;
			files = (
			);
			runOnlyForDeploymentPostprocessing = 0;
		};
		4BE08F18257F4F0D007A7033 /* Frameworks */ = {
			isa = PBXFrameworksBuildPhase;
			buildActionMask = 2147483647;
			files = (
			);
			runOnlyForDeploymentPostprocessing = 0;
		};
/* End PBXFrameworksBuildPhase section */

/* Begin PBXGroup section */
		4B7D8450258323E600CC76D2 /* Models */ = {
			isa = PBXGroup;
			children = (
				4BE08F852581D4D3007A7033 /* RequestSteamAPI.swift */,
				4BE08F6625806A92007A7033 /* Methods.swift */,
			);
			path = Models;
			sourceTree = "<group>";
		};
		4B7D84512583241100CC76D2 /* TableViewCells */ = {
			isa = PBXGroup;
			children = (
				4B7D844B25830AD900CC76D2 /* HeaderTableViewCell.swift */,
				4BE08F5C257FE606007A7033 /* StatsTableViewCell.swift */,
				4BE08F51257FE49F007A7033 /* PlayerTableViewCell.swift */,
			);
			name = TableViewCells;
			sourceTree = "<group>";
		};
		4BE08EF1257F4F0C007A7033 = {
			isa = PBXGroup;
			children = (
				4BE42D492587BFB700C9EA6D /* PlayerStatsTableViewCell.swift */,
				4BE42D4E2587BFC700C9EA6D /* PlayerStatsTableViewCell.xib */,
				4B7D84722583A6A100CC76D2 /* File.swift */,
				4BE08EFC257F4F0C007A7033 /* DBD */,
				4BE08F13257F4F0D007A7033 /* DBDTests */,
				4BE08F1E257F4F0D007A7033 /* DBDUITests */,
				4BE08EFB257F4F0C007A7033 /* Products */,
			);
			sourceTree = "<group>";
		};
		4BE08EFB257F4F0C007A7033 /* Products */ = {
			isa = PBXGroup;
			children = (
				4BE08EFA257F4F0C007A7033 /* DBD.app */,
				4BE08F10257F4F0D007A7033 /* DBDTests.xctest */,
				4BE08F1B257F4F0D007A7033 /* DBDUITests.xctest */,
			);
			name = Products;
			sourceTree = "<group>";
		};
		4BE08EFC257F4F0C007A7033 /* DBD */ = {
			isa = PBXGroup;
			children = (
				4BE08EFD257F4F0C007A7033 /* AppDelegate.swift */,
				4BE08EFF257F4F0C007A7033 /* SceneDelegate.swift */,
				4B7D8450258323E600CC76D2 /* Models */,
				4B7D84512583241100CC76D2 /* TableViewCells */,
				4BE08F01257F4F0C007A7033 /* ViewController.swift */,
				4BE08F03257F4F0C007A7033 /* Main.storyboard */,
				4BE08F06257F4F0D007A7033 /* Assets.xcassets */,
				4BE08F08257F4F0D007A7033 /* LaunchScreen.storyboard */,
				4BE08F0B257F4F0D007A7033 /* Info.plist */,
			);
			path = DBD;
			sourceTree = "<group>";
		};
		4BE08F13257F4F0D007A7033 /* DBDTests */ = {
			isa = PBXGroup;
			children = (
				4BE08F14257F4F0D007A7033 /* DBDTests.swift */,
				4BE08F16257F4F0D007A7033 /* Info.plist */,
			);
			path = DBDTests;
			sourceTree = "<group>";
		};
		4BE08F1E257F4F0D007A7033 /* DBDUITests */ = {
			isa = PBXGroup;
			children = (
				4BE08F1F257F4F0D007A7033 /* DBDUITests.swift */,
				4BE08F21257F4F0D007A7033 /* Info.plist */,
			);
			path = DBDUITests;
			sourceTree = "<group>";
		};
/* End PBXGroup section */

/* Begin PBXNativeTarget section */
		4BE08EF9257F4F0C007A7033 /* DBD */ = {
			isa = PBXNativeTarget;
			buildConfigurationList = 4BE08F24257F4F0D007A7033 /* Build configuration list for PBXNativeTarget "DBD" */;
			buildPhases = (
				4BE08EF6257F4F0C007A7033 /* Sources */,
				4BE08EF7257F4F0C007A7033 /* Frameworks */,
				4BE08EF8257F4F0C007A7033 /* Resources */,
				4BE08F7225810DEE007A7033 /* Run Script */,
			);
			buildRules = (
			);
			dependencies = (
			);
			name = DBD;
			packageProductDependencies = (
				4BE08F802581C764007A7033 /* Alamofire */,
				4BE42D542587E38600C9EA6D /* Nuke */,
			);
			productName = DBD;
			productReference = 4BE08EFA257F4F0C007A7033 /* DBD.app */;
			productType = "com.apple.product-type.application";
		};
		4BE08F0F257F4F0D007A7033 /* DBDTests */ = {
			isa = PBXNativeTarget;
			buildConfigurationList = 4BE08F27257F4F0D007A7033 /* Build configuration list for PBXNativeTarget "DBDTests" */;
			buildPhases = (
				4BE08F0C257F4F0D007A7033 /* Sources */,
				4BE08F0D257F4F0D007A7033 /* Frameworks */,
				4BE08F0E257F4F0D007A7033 /* Resources */,
			);
			buildRules = (
			);
			dependencies = (
				4BE08F12257F4F0D007A7033 /* PBXTargetDependency */,
			);
			name = DBDTests;
			productName = DBDTests;
			productReference = 4BE08F10257F4F0D007A7033 /* DBDTests.xctest */;
			productType = "com.apple.product-type.bundle.unit-test";
		};
		4BE08F1A257F4F0D007A7033 /* DBDUITests */ = {
			isa = PBXNativeTarget;
			buildConfigurationList = 4BE08F2A257F4F0D007A7033 /* Build configuration list for PBXNativeTarget "DBDUITests" */;
			buildPhases = (
				4BE08F17257F4F0D007A7033 /* Sources */,
				4BE08F18257F4F0D007A7033 /* Frameworks */,
				4BE08F19257F4F0D007A7033 /* Resources */,
			);
			buildRules = (
			);
			dependencies = (
				4BE08F1D257F4F0D007A7033 /* PBXTargetDependency */,
			);
			name = DBDUITests;
			productName = DBDUITests;
			productReference = 4BE08F1B257F4F0D007A7033 /* DBDUITests.xctest */;
			productType = "com.apple.product-type.bundle.ui-testing";
		};
/* End PBXNativeTarget section */

/* Begin PBXProject section */
		4BE08EF2257F4F0C007A7033 /* Project object */ = {
			isa = PBXProject;
			attributes = {
				LastSwiftUpdateCheck = 1200;
				LastUpgradeCheck = 1200;
				TargetAttributes = {
					4BE08EF9257F4F0C007A7033 = {
						CreatedOnToolsVersion = 12.0.1;
					};
					4BE08F0F257F4F0D007A7033 = {
						CreatedOnToolsVersion = 12.0.1;
						TestTargetID = 4BE08EF9257F4F0C007A7033;
					};
					4BE08F1A257F4F0D007A7033 = {
						CreatedOnToolsVersion = 12.0.1;
						TestTargetID = 4BE08EF9257F4F0C007A7033;
					};
				};
			};
			buildConfigurationList = 4BE08EF5257F4F0C007A7033 /* Build configuration list for PBXProject "DBD" */;
			compatibilityVersion = "Xcode 9.3";
			developmentRegion = en;
			hasScannedForEncodings = 0;
			knownRegions = (
				en,
				Base,
			);
			mainGroup = 4BE08EF1257F4F0C007A7033;
			packageReferences = (
				4BE08F7F2581C764007A7033 /* XCRemoteSwiftPackageReference "Alamofire" */,
				4BE42D532587E38600C9EA6D /* XCRemoteSwiftPackageReference "Nuke" */,
			);
			productRefGroup = 4BE08EFB257F4F0C007A7033 /* Products */;
			projectDirPath = "";
			projectRoot = "";
			targets = (
				4BE08EF9257F4F0C007A7033 /* DBD */,
				4BE08F0F257F4F0D007A7033 /* DBDTests */,
				4BE08F1A257F4F0D007A7033 /* DBDUITests */,
			);
		};
/* End PBXProject section */

/* Begin PBXResourcesBuildPhase section */
		4BE08EF8257F4F0C007A7033 /* Resources */ = {
			isa = PBXResourcesBuildPhase;
			buildActionMask = 2147483647;
			files = (
				4BE42D4F2587BFC700C9EA6D /* PlayerStatsTableViewCell.xib in Resources */,
				4BE08F0A257F4F0D007A7033 /* LaunchScreen.storyboard in Resources */,
				4BE08F07257F4F0D007A7033 /* Assets.xcassets in Resources */,
				4BE08F05257F4F0C007A7033 /* Main.storyboard in Resources */,
			);
			runOnlyForDeploymentPostprocessing = 0;
		};
		4BE08F0E257F4F0D007A7033 /* Resources */ = {
			isa = PBXResourcesBuildPhase;
			buildActionMask = 2147483647;
			files = (
			);
			runOnlyForDeploymentPostprocessing = 0;
		};
		4BE08F19257F4F0D007A7033 /* Resources */ = {
			isa = PBXResourcesBuildPhase;
			buildActionMask = 2147483647;
			files = (
			);
			runOnlyForDeploymentPostprocessing = 0;
		};
/* End PBXResourcesBuildPhase section */

/* Begin PBXShellScriptBuildPhase section */
		4BE08F7225810DEE007A7033 /* Run Script */ = {
			isa = PBXShellScriptBuildPhase;
			buildActionMask = 2147483647;
			files = (
			);
			inputFileListPaths = (
			);
			inputPaths = (
			);
			name = "Run Script";
			outputFileListPaths = (
			);
			outputPaths = (
			);
			runOnlyForDeploymentPostprocessing = 0;
			shellPath = /bin/sh;
			shellScript = "# Type a script or drag a script file from your workspace to insert its path.\n\n\n";
		};
/* End PBXShellScriptBuildPhase section */

/* Begin PBXSourcesBuildPhase section */
		4BE08EF6257F4F0C007A7033 /* Sources */ = {
			isa = PBXSourcesBuildPhase;
			buildActionMask = 2147483647;
			files = (
				4BE42D4A2587BFB700C9EA6D /* PlayerStatsTableViewCell.swift in Sources */,
				4BE08F52257FE49F007A7033 /* PlayerTableViewCell.swift in Sources */,
				4B7D844C25830AD900CC76D2 /* HeaderTableViewCell.swift in Sources */,
				4BE08F5D257FE606007A7033 /* StatsTableViewCell.swift in Sources */,
				4BE08F02257F4F0C007A7033 /* ViewController.swift in Sources */,
				4BE08EFE257F4F0C007A7033 /* AppDelegate.swift in Sources */,
				4BE08F862581D4D3007A7033 /* RequestSteamAPI.swift in Sources */,
				4BE08F00257F4F0C007A7033 /* SceneDelegate.swift in Sources */,
				4B7D84732583A6A100CC76D2 /* File.swift in Sources */,
				4BE08F6725806A92007A7033 /* Methods.swift in Sources */,
			);
			runOnlyForDeploymentPostprocessing = 0;
		};
		4BE08F0C257F4F0D007A7033 /* Sources */ = {
			isa = PBXSourcesBuildPhase;
			buildActionMask = 2147483647;
			files = (
				4BE08F15257F4F0D007A7033 /* DBDTests.swift in Sources */,
			);
			runOnlyForDeploymentPostprocessing = 0;
		};
		4BE08F17257F4F0D007A7033 /* Sources */ = {
			isa = PBXSourcesBuildPhase;
			buildActionMask = 2147483647;
			files = (
				4BE08F20257F4F0D007A7033 /* DBDUITests.swift in Sources */,
			);
			runOnlyForDeploymentPostprocessing = 0;
		};
/* End PBXSourcesBuildPhase section */

/* Begin PBXTargetDependency section */
		4BE08F12257F4F0D007A7033 /* PBXTargetDependency */ = {
			isa = PBXTargetDependency;
			target = 4BE08EF9257F4F0C007A7033 /* DBD */;
			targetProxy = 4BE08F11257F4F0D007A7033 /* PBXContainerItemProxy */;
		};
		4BE08F1D257F4F0D007A7033 /* PBXTargetDependency */ = {
			isa = PBXTargetDependency;
			target = 4BE08EF9257F4F0C007A7033 /* DBD */;
			targetProxy = 4BE08F1C257F4F0D007A7033 /* PBXContainerItemProxy */;
		};
/* End PBXTargetDependency section */

/* Begin PBXVariantGroup section */
		4BE08F03257F4F0C007A7033 /* Main.storyboard */ = {
			isa = PBXVariantGroup;
			children = (
				4BE08F04257F4F0C007A7033 /* Base */,
			);
			name = Main.storyboard;
			sourceTree = "<group>";
		};
		4BE08F08257F4F0D007A7033 /* LaunchScreen.storyboard */ = {
			isa = PBXVariantGroup;
			children = (
				4BE08F09257F4F0D007A7033 /* Base */,
			);
			name = LaunchScreen.storyboard;
			sourceTree = "<group>";
		};
/* End PBXVariantGroup section */

/* Begin XCBuildConfiguration section */
		4BE08F22257F4F0D007A7033 /* Debug */ = {
			isa = XCBuildConfiguration;
			buildSettings = {
				ALWAYS_SEARCH_USER_PATHS = NO;
				CLANG_ANALYZER_NONNULL = YES;
				CLANG_ANALYZER_NUMBER_OBJECT_CONVERSION = YES_AGGRESSIVE;
				CLANG_CXX_LANGUAGE_STANDARD = "gnu++14";
				CLANG_CXX_LIBRARY = "libc++";
				CLANG_ENABLE_MODULES = YES;
				CLANG_ENABLE_OBJC_ARC = YES;
				CLANG_ENABLE_OBJC_WEAK = YES;
				CLANG_WARN_BLOCK_CAPTURE_AUTORELEASING = YES;
				CLANG_WARN_BOOL_CONVERSION = YES;
				CLANG_WARN_COMMA = YES;
				CLANG_WARN_CONSTANT_CONVERSION = YES;
				CLANG_WARN_DEPRECATED_OBJC_IMPLEMENTATIONS = YES;
				CLANG_WARN_DIRECT_OBJC_ISA_USAGE = YES_ERROR;
				CLANG_WARN_DOCUMENTATION_COMMENTS = YES;
				CLANG_WARN_EMPTY_BODY = YES;
				CLANG_WARN_ENUM_CONVERSION = YES;
				CLANG_WARN_INFINITE_RECURSION = YES;
				CLANG_WARN_INT_CONVERSION = YES;
				CLANG_WARN_NON_LITERAL_NULL_CONVERSION = YES;
				CLANG_WARN_OBJC_IMPLICIT_RETAIN_SELF = YES;
				CLANG_WARN_OBJC_LITERAL_CONVERSION = YES;
				CLANG_WARN_OBJC_ROOT_CLASS = YES_ERROR;
				CLANG_WARN_QUOTED_INCLUDE_IN_FRAMEWORK_HEADER = YES;
				CLANG_WARN_RANGE_LOOP_ANALYSIS = YES;
				CLANG_WARN_STRICT_PROTOTYPES = YES;
				CLANG_WARN_SUSPICIOUS_MOVE = YES;
				CLANG_WARN_UNGUARDED_AVAILABILITY = YES_AGGRESSIVE;
				CLANG_WARN_UNREACHABLE_CODE = YES;
				CLANG_WARN__DUPLICATE_METHOD_MATCH = YES;
				COPY_PHASE_STRIP = NO;
				DEBUG_INFORMATION_FORMAT = dwarf;
				ENABLE_STRICT_OBJC_MSGSEND = YES;
				ENABLE_TESTABILITY = YES;
				GCC_C_LANGUAGE_STANDARD = gnu11;
				GCC_DYNAMIC_NO_PIC = NO;
				GCC_NO_COMMON_BLOCKS = YES;
				GCC_OPTIMIZATION_LEVEL = 0;
				GCC_PREPROCESSOR_DEFINITIONS = (
					"DEBUG=1",
					"$(inherited)",
				);
				GCC_WARN_64_TO_32_BIT_CONVERSION = YES;
				GCC_WARN_ABOUT_RETURN_TYPE = YES_ERROR;
				GCC_WARN_UNDECLARED_SELECTOR = YES;
				GCC_WARN_UNINITIALIZED_AUTOS = YES_AGGRESSIVE;
				GCC_WARN_UNUSED_FUNCTION = YES;
				GCC_WARN_UNUSED_VARIABLE = YES;
				IPHONEOS_DEPLOYMENT_TARGET = 14.0;
				MTL_ENABLE_DEBUG_INFO = INCLUDE_SOURCE;
				MTL_FAST_MATH = YES;
				ONLY_ACTIVE_ARCH = YES;
				SDKROOT = iphoneos;
				SWIFT_ACTIVE_COMPILATION_CONDITIONS = DEBUG;
				SWIFT_OPTIMIZATION_LEVEL = "-Onone";
			};
			name = Debug;
		};
		4BE08F23257F4F0D007A7033 /* Release */ = {
			isa = XCBuildConfiguration;
			buildSettings = {
				ALWAYS_SEARCH_USER_PATHS = NO;
				CLANG_ANALYZER_NONNULL = YES;
				CLANG_ANALYZER_NUMBER_OBJECT_CONVERSION = YES_AGGRESSIVE;
				CLANG_CXX_LANGUAGE_STANDARD = "gnu++14";
				CLANG_CXX_LIBRARY = "libc++";
				CLANG_ENABLE_MODULES = YES;
				CLANG_ENABLE_OBJC_ARC = YES;
				CLANG_ENABLE_OBJC_WEAK = YES;
				CLANG_WARN_BLOCK_CAPTURE_AUTORELEASING = YES;
				CLANG_WARN_BOOL_CONVERSION = YES;
				CLANG_WARN_COMMA = YES;
				CLANG_WARN_CONSTANT_CONVERSION = YES;
				CLANG_WARN_DEPRECATED_OBJC_IMPLEMENTATIONS = YES;
				CLANG_WARN_DIRECT_OBJC_ISA_USAGE = YES_ERROR;
				CLANG_WARN_DOCUMENTATION_COMMENTS = YES;
				CLANG_WARN_EMPTY_BODY = YES;
				CLANG_WARN_ENUM_CONVERSION = YES;
				CLANG_WARN_INFINITE_RECURSION = YES;
				CLANG_WARN_INT_CONVERSION = YES;
				CLANG_WARN_NON_LITERAL_NULL_CONVERSION = YES;
				CLANG_WARN_OBJC_IMPLICIT_RETAIN_SELF = YES;
				CLANG_WARN_OBJC_LITERAL_CONVERSION = YES;
				CLANG_WARN_OBJC_ROOT_CLASS = YES_ERROR;
				CLANG_WARN_QUOTED_INCLUDE_IN_FRAMEWORK_HEADER = YES;
				CLANG_WARN_RANGE_LOOP_ANALYSIS = YES;
				CLANG_WARN_STRICT_PROTOTYPES = YES;
				CLANG_WARN_SUSPICIOUS_MOVE = YES;
				CLANG_WARN_UNGUARDED_AVAILABILITY = YES_AGGRESSIVE;
				CLANG_WARN_UNREACHABLE_CODE = YES;
				CLANG_WARN__DUPLICATE_METHOD_MATCH = YES;
				COPY_PHASE_STRIP = NO;
				DEBUG_INFORMATION_FORMAT = "dwarf-with-dsym";
				ENABLE_NS_ASSERTIONS = NO;
				ENABLE_STRICT_OBJC_MSGSEND = YES;
				GCC_C_LANGUAGE_STANDARD = gnu11;
				GCC_NO_COMMON_BLOCKS = YES;
				GCC_WARN_64_TO_32_BIT_CONVERSION = YES;
				GCC_WARN_ABOUT_RETURN_TYPE = YES_ERROR;
				GCC_WARN_UNDECLARED_SELECTOR = YES;
				GCC_WARN_UNINITIALIZED_AUTOS = YES_AGGRESSIVE;
				GCC_WARN_UNUSED_FUNCTION = YES;
				GCC_WARN_UNUSED_VARIABLE = YES;
				IPHONEOS_DEPLOYMENT_TARGET = 14.0;
				MTL_ENABLE_DEBUG_INFO = NO;
				MTL_FAST_MATH = YES;
				SDKROOT = iphoneos;
				SWIFT_COMPILATION_MODE = wholemodule;
				SWIFT_OPTIMIZATION_LEVEL = "-O";
				VALIDATE_PRODUCT = YES;
			};
			name = Release;
		};
		4BE08F25257F4F0D007A7033 /* Debug */ = {
			isa = XCBuildConfiguration;
			buildSettings = {
				ASSETCATALOG_COMPILER_APPICON_NAME = AppIcon;
				ASSETCATALOG_COMPILER_GLOBAL_ACCENT_COLOR_NAME = AccentColor;
				CODE_SIGN_STYLE = Automatic;
				DEVELOPMENT_TEAM = B47X5TXYY6;
				FRAMEWORK_SEARCH_PATHS = (
					"$(inherited)",
					"$(PROJECT_DIR)/Carthage/Build/iOS",
				);
				INFOPLIST_FILE = DBD/Info.plist;
				LD_RUNPATH_SEARCH_PATHS = (
					"$(inherited)",
					"@executable_path/Frameworks",
				);
				PRODUCT_BUNDLE_IDENTIFIER = "dbd-analytics.DBD";
				PRODUCT_NAME = "$(TARGET_NAME)";
				SWIFT_VERSION = 5.0;
				TARGETED_DEVICE_FAMILY = "1,2";
			};
			name = Debug;
		};
		4BE08F26257F4F0D007A7033 /* Release */ = {
			isa = XCBuildConfiguration;
			buildSettings = {
				ASSETCATALOG_COMPILER_APPICON_NAME = AppIcon;
				ASSETCATALOG_COMPILER_GLOBAL_ACCENT_COLOR_NAME = AccentColor;
				CODE_SIGN_STYLE = Automatic;
				DEVELOPMENT_TEAM = B47X5TXYY6;
				FRAMEWORK_SEARCH_PATHS = (
					"$(inherited)",
					"$(PROJECT_DIR)/Carthage/Build/iOS",
				);
				INFOPLIST_FILE = DBD/Info.plist;
				LD_RUNPATH_SEARCH_PATHS = (
					"$(inherited)",
					"@executable_path/Frameworks",
				);
				PRODUCT_BUNDLE_IDENTIFIER = "dbd-analytics.DBD";
				PRODUCT_NAME = "$(TARGET_NAME)";
				SWIFT_VERSION = 5.0;
				TARGETED_DEVICE_FAMILY = "1,2";
			};
			name = Release;
		};
		4BE08F28257F4F0D007A7033 /* Debug */ = {
			isa = XCBuildConfiguration;
			buildSettings = {
				ALWAYS_EMBED_SWIFT_STANDARD_LIBRARIES = YES;
				BUNDLE_LOADER = "$(TEST_HOST)";
				CODE_SIGN_STYLE = Automatic;
				INFOPLIST_FILE = DBDTests/Info.plist;
				IPHONEOS_DEPLOYMENT_TARGET = 14.0;
				LD_RUNPATH_SEARCH_PATHS = (
					"$(inherited)",
					"@executable_path/Frameworks",
					"@loader_path/Frameworks",
				);
				PRODUCT_BUNDLE_IDENTIFIER = "dbd-analytics.DBDTests";
				PRODUCT_NAME = "$(TARGET_NAME)";
				SWIFT_VERSION = 5.0;
				TARGETED_DEVICE_FAMILY = "1,2";
				TEST_HOST = "$(BUILT_PRODUCTS_DIR)/DBD.app/DBD";
			};
			name = Debug;
		};
		4BE08F29257F4F0D007A7033 /* Release */ = {
			isa = XCBuildConfiguration;
			buildSettings = {
				ALWAYS_EMBED_SWIFT_STANDARD_LIBRARIES = YES;
				BUNDLE_LOADER = "$(TEST_HOST)";
				CODE_SIGN_STYLE = Automatic;
				INFOPLIST_FILE = DBDTests/Info.plist;
				IPHONEOS_DEPLOYMENT_TARGET = 14.0;
				LD_RUNPATH_SEARCH_PATHS = (
					"$(inherited)",
					"@executable_path/Frameworks",
					"@loader_path/Frameworks",
				);
				PRODUCT_BUNDLE_IDENTIFIER = "dbd-analytics.DBDTests";
				PRODUCT_NAME = "$(TARGET_NAME)";
				SWIFT_VERSION = 5.0;
				TARGETED_DEVICE_FAMILY = "1,2";
				TEST_HOST = "$(BUILT_PRODUCTS_DIR)/DBD.app/DBD";
			};
			name = Release;
		};
		4BE08F2B257F4F0D007A7033 /* Debug */ = {
			isa = XCBuildConfiguration;
			buildSettings = {
				ALWAYS_EMBED_SWIFT_STANDARD_LIBRARIES = YES;
				CODE_SIGN_STYLE = Automatic;
				INFOPLIST_FILE = DBDUITests/Info.plist;
				LD_RUNPATH_SEARCH_PATHS = (
					"$(inherited)",
					"@executable_path/Frameworks",
					"@loader_path/Frameworks",
				);
				PRODUCT_BUNDLE_IDENTIFIER = "dbd-analytics.DBDUITests";
				PRODUCT_NAME = "$(TARGET_NAME)";
				SWIFT_VERSION = 5.0;
				TARGETED_DEVICE_FAMILY = "1,2";
				TEST_TARGET_NAME = DBD;
			};
			name = Debug;
		};
		4BE08F2C257F4F0D007A7033 /* Release */ = {
			isa = XCBuildConfiguration;
			buildSettings = {
				ALWAYS_EMBED_SWIFT_STANDARD_LIBRARIES = YES;
				CODE_SIGN_STYLE = Automatic;
				INFOPLIST_FILE = DBDUITests/Info.plist;
				LD_RUNPATH_SEARCH_PATHS = (
					"$(inherited)",
					"@executable_path/Frameworks",
					"@loader_path/Frameworks",
				);
				PRODUCT_BUNDLE_IDENTIFIER = "dbd-analytics.DBDUITests";
				PRODUCT_NAME = "$(TARGET_NAME)";
				SWIFT_VERSION = 5.0;
				TARGETED_DEVICE_FAMILY = "1,2";
				TEST_TARGET_NAME = DBD;
			};
			name = Release;
		};
/* End XCBuildConfiguration section */

/* Begin XCConfigurationList section */
		4BE08EF5257F4F0C007A7033 /* Build configuration list for PBXProject "DBD" */ = {
			isa = XCConfigurationList;
			buildConfigurations = (
				4BE08F22257F4F0D007A7033 /* Debug */,
				4BE08F23257F4F0D007A7033 /* Release */,
			);
			defaultConfigurationIsVisible = 0;
			defaultConfigurationName = Release;
		};
		4BE08F24257F4F0D007A7033 /* Build configuration list for PBXNativeTarget "DBD" */ = {
			isa = XCConfigurationList;
			buildConfigurations = (
				4BE08F25257F4F0D007A7033 /* Debug */,
				4BE08F26257F4F0D007A7033 /* Release */,
			);
			defaultConfigurationIsVisible = 0;
			defaultConfigurationName = Release;
		};
		4BE08F27257F4F0D007A7033 /* Build configuration list for PBXNativeTarget "DBDTests" */ = {
			isa = XCConfigurationList;
			buildConfigurations = (
				4BE08F28257F4F0D007A7033 /* Debug */,
				4BE08F29257F4F0D007A7033 /* Release */,
			);
			defaultConfigurationIsVisible = 0;
			defaultConfigurationName = Release;
		};
		4BE08F2A257F4F0D007A7033 /* Build configuration list for PBXNativeTarget "DBDUITests" */ = {
			isa = XCConfigurationList;
			buildConfigurations = (
				4BE08F2B257F4F0D007A7033 /* Debug */,
				4BE08F2C257F4F0D007A7033 /* Release */,
			);
			defaultConfigurationIsVisible = 0;
			defaultConfigurationName = Release;
		};
/* End XCConfigurationList section */

/* Begin XCRemoteSwiftPackageReference section */
		4BE08F7F2581C764007A7033 /* XCRemoteSwiftPackageReference "Alamofire" */ = {
			isa = XCRemoteSwiftPackageReference;
			repositoryURL = "https://github.com/Alamofire/Alamofire";
			requirement = {
				kind = upToNextMajorVersion;
				minimumVersion = 5.4.0;
			};
		};
		4BE42D532587E38600C9EA6D /* XCRemoteSwiftPackageReference "Nuke" */ = {
			isa = XCRemoteSwiftPackageReference;
			repositoryURL = "https://github.com/kean/Nuke.git";
			requirement = {
				kind = upToNextMajorVersion;
				minimumVersion = 9.2.0;
			};
		};
/* End XCRemoteSwiftPackageReference section */

/* Begin XCSwiftPackageProductDependency section */
		4BE08F802581C764007A7033 /* Alamofire */ = {
			isa = XCSwiftPackageProductDependency;
			package = 4BE08F7F2581C764007A7033 /* XCRemoteSwiftPackageReference "Alamofire" */;
			productName = Alamofire;
		};
		4BE42D542587E38600C9EA6D /* Nuke */ = {
			isa = XCSwiftPackageProductDependency;
			package = 4BE42D532587E38600C9EA6D /* XCRemoteSwiftPackageReference "Nuke" */;
			productName = Nuke;
		};
/* End XCSwiftPackageProductDependency section */
	};
	rootObject = 4BE08EF2257F4F0C007A7033 /* Project object */;
}
